
Microsoft Visual Studio Solution File, Format Version 12.00
# Visual Studio Version 17
VisualStudioVersion = 17.0.32112.339
MinimumVisualStudioVersion = 10.0.40219.1
Project("{FAE04EC0-301F-11D3-BF4B-00C04F79EFBC}") = "SendGridHttpFunction", "SendGridHttpFunction\SendGridHttpFunction.csproj", "{27BCC7CB-3017-4235-A2DD-C0B8450362A0}"
EndProject
Global
	GlobalSection(SolutionConfigurationPlatforms) = preSolution
		Debug|Any CPU = Debug|Any CPU
		Release|Any CPU = Release|Any CPU
	EndGlobalSection
	GlobalSection(ProjectConfigurationPlatforms) = postSolution
		{27BCC7CB-3017-4235-A2DD-C0B8450362A0}.Debug|Any CPU.ActiveCfg = Debug|Any CPU
		{27BCC7CB-3017-4235-A2DD-C0B8450362A0}.Debug|Any CPU.Build.0 = Debug|Any CPU
		{27BCC7CB-3017-4235-A2DD-C0B8450362A0}.Release|Any CPU.ActiveCfg = Release|Any CPU
		{27BCC7CB-3017-4235-A2DD-C0B8450362A0}.Release|Any CPU.Build.0 = Release|Any CPU
	EndGlobalSection
	GlobalSection(SolutionProperties) = preSolution
		HideSolutionNode = FALSE
	EndGlobalSection
	GlobalSection(ExtensibilityGlobals) = postSolution
		SolutionGuid = {6D50E37C-AF2F-437C-9BE9-8484A734D421}
	EndGlobalSection
EndGlobal
